
Microsoft Visual Studio Solution File, Format Version 12.00
# Visual Studio Version 17
VisualStudioVersion = 17.13.35818.85 d17.13
MinimumVisualStudioVersion = 10.0.40219.1
Project("{FAE04EC0-301F-11D3-BF4B-00C04F79EFBC}") = "Law Firm EMS", "Law Firm EMS.csproj", "{2E4E40FE-3368-4576-BBD5-1D0E67CA4E12}"
EndProject
Global
	GlobalSection(SolutionConfigurationPlatforms) = preSolution
		Debug|Any CPU = Debug|Any CPU
		Release|Any CPU = Release|Any CPU
	EndGlobalSection
	GlobalSection(ProjectConfigurationPlatforms) = postSolution
		{2E4E40FE-3368-4576-BBD5-1D0E67CA4E12}.Debug|Any CPU.ActiveCfg = Debug|Any CPU
		{2E4E40FE-3368-4576-BBD5-1D0E67CA4E12}.Debug|Any CPU.Build.0 = Debug|Any CPU
		{2E4E40FE-3368-4576-BBD5-1D0E67CA4E12}.Release|Any CPU.ActiveCfg = Release|Any CPU
		{2E4E40FE-3368-4576-BBD5-1D0E67CA4E12}.Release|Any CPU.Build.0 = Release|Any CPU
	EndGlobalSection
	GlobalSection(SolutionProperties) = preSolution
		HideSolutionNode = FALSE
	EndGlobalSection
	GlobalSection(ExtensibilityGlobals) = postSolution
		SolutionGuid = {46FB9F97-AD4C-42C2-AA41-04B33CCF170B}
	EndGlobalSection
EndGlobal
